// !$*UTF8*$!
{
	archiveVersion = 1;
	classes = {
	};
	objectVersion = 56;
	objects = {

/* Begin PBXBuildFile section */
		A638EA832BF9D8D500856E5F /* Swift_Messenger_AppApp.swift in Sources */ = {isa = PBXBuildFile; fileRef = A638EA822BF9D8D500856E5F /* Swift_Messenger_AppApp.swift */; };
		A638EA852BF9D8D500856E5F /* ContentView.swift in Sources */ = {isa = PBXBuildFile; fileRef = A638EA842BF9D8D500856E5F /* ContentView.swift */; };
		A638EA872BF9D8D600856E5F /* Assets.xcassets in Resources */ = {isa = PBXBuildFile; fileRef = A638EA862BF9D8D600856E5F /* Assets.xcassets */; };
		A638EA8A2BF9D8D600856E5F /* Preview Assets.xcassets in Resources */ = {isa = PBXBuildFile; fileRef = A638EA892BF9D8D600856E5F /* Preview Assets.xcassets */; };
		A6584F282BF9ECE100D60710 /* LoginView.swift in Sources */ = {isa = PBXBuildFile; fileRef = A6584F272BF9ECE100D60710 /* LoginView.swift */; };
/* End PBXBuildFile section */

/* Begin PBXFileReference section */
		A638EA7F2BF9D8D500856E5F /* Swift_Messenger_App.app */ = {isa = PBXFileReference; explicitFileType = wrapper.application; includeInIndex = 0; path = Swift_Messenger_App.app; sourceTree = BUILT_PRODUCTS_DIR; };
		A638EA822BF9D8D500856E5F /* Swift_Messenger_AppApp.swift */ = {isa = PBXFileReference; lastKnownFileType = sourcecode.swift; path = Swift_Messenger_AppApp.swift; sourceTree = "<group>"; };
		A638EA842BF9D8D500856E5F /* ContentView.swift */ = {isa = PBXFileReference; lastKnownFileType = sourcecode.swift; path = ContentView.swift; sourceTree = "<group>"; };
		A638EA862BF9D8D600856E5F /* Assets.xcassets */ = {isa = PBXFileReference; lastKnownFileType = folder.assetcatalog; path = Assets.xcassets; sourceTree = "<group>"; };
		A638EA892BF9D8D600856E5F /* Preview Assets.xcassets */ = {isa = PBXFileReference; lastKnownFileType = folder.assetcatalog; path = "Preview Assets.xcassets"; sourceTree = "<group>"; };
		A6584F272BF9ECE100D60710 /* LoginView.swift */ = {isa = PBXFileReference; lastKnownFileType = sourcecode.swift; path = LoginView.swift; sourceTree = "<group>"; };
/* End PBXFileReference section */

/* Begin PBXFrameworksBuildPhase section */
		A638EA7C2BF9D8D500856E5F /* Frameworks */ = {
			isa = PBXFrameworksBuildPhase;
			buildActionMask = 2147483647;
			files = (
			);
			runOnlyForDeploymentPostprocessing = 0;
		};
/* End PBXFrameworksBuildPhase section */

/* Begin PBXGroup section */
		A638EA762BF9D8D500856E5F = {
			isa = PBXGroup;
			children = (
				A638EA812BF9D8D500856E5F /* Swift_Messenger_App */,
				A638EA802BF9D8D500856E5F /* Products */,
			);
			sourceTree = "<group>";
		};
		A638EA802BF9D8D500856E5F /* Products */ = {
			isa = PBXGroup;
			children = (
				A638EA7F2BF9D8D500856E5F /* Swift_Messenger_App.app */,
			);
			name = Products;
			sourceTree = "<group>";
		};
		A638EA812BF9D8D500856E5F /* Swift_Messenger_App */ = {
			isa = PBXGroup;
			children = (
				A6584F232BF9EA5000D60710 /* Service */,
				A6584F222BF9EA3B00D60710 /* Model */,
				A6584F212BF9EA2400D60710 /* Core */,
				A6584F202BF9EA1700D60710 /* Extensions */,
				A6584F1E2BF9E9E200D60710 /* App */,
				A638EA862BF9D8D600856E5F /* Assets.xcassets */,
				A638EA882BF9D8D600856E5F /* Preview Content */,
			);
			path = Swift_Messenger_App;
			sourceTree = "<group>";
		};
		A638EA882BF9D8D600856E5F /* Preview Content */ = {
			isa = PBXGroup;
			children = (
				A638EA892BF9D8D600856E5F /* Preview Assets.xcassets */,
			);
			path = "Preview Content";
			sourceTree = "<group>";
		};
		A6584F1E2BF9E9E200D60710 /* App */ = {
			isa = PBXGroup;
			children = (
				A638EA822BF9D8D500856E5F /* Swift_Messenger_AppApp.swift */,
			);
			path = App;
			sourceTree = "<group>";
		};
		A6584F202BF9EA1700D60710 /* Extensions */ = {
			isa = PBXGroup;
			children = (
			);
			path = Extensions;
			sourceTree = "<group>";
		};
		A6584F212BF9EA2400D60710 /* Core */ = {
			isa = PBXGroup;
			children = (
				A6584F252BF9EAFD00D60710 /* Root */,
				A6584F242BF9EACA00D60710 /* Authentication */,
			);
			path = Core;
			sourceTree = "<group>";
		};
		A6584F222BF9EA3B00D60710 /* Model */ = {
			isa = PBXGroup;
			children = (
			);
			path = Model;
			sourceTree = "<group>";
		};
		A6584F232BF9EA5000D60710 /* Service */ = {
			isa = PBXGroup;
			children = (
			);
			path = Service;
			sourceTree = "<group>";
		};
		A6584F242BF9EACA00D60710 /* Authentication */ = {
			isa = PBXGroup;
			children = (
				A6584F262BF9EB2D00D60710 /* View */,
			);
			path = Authentication;
			sourceTree = "<group>";
		};
		A6584F252BF9EAFD00D60710 /* Root */ = {
			isa = PBXGroup;
			children = (
				A638EA842BF9D8D500856E5F /* ContentView.swift */,
			);
			path = Root;
			sourceTree = "<group>";
		};
		A6584F262BF9EB2D00D60710 /* View */ = {
			isa = PBXGroup;
			children = (
				A6584F272BF9ECE100D60710 /* LoginView.swift */,
			);
			path = View;
			sourceTree = "<group>";
		};
/* End PBXGroup section */

/* Begin PBXNativeTarget section */
		A638EA7E2BF9D8D500856E5F /* Swift_Messenger_App */ = {
			isa = PBXNativeTarget;
			buildConfigurationList = A638EA8D2BF9D8D600856E5F /* Build configuration list for PBXNativeTarget "Swift_Messenger_App" */;
			buildPhases = (
				A638EA7B2BF9D8D500856E5F /* Sources */,
				A638EA7C2BF9D8D500856E5F /* Frameworks */,
				A638EA7D2BF9D8D500856E5F /* Resources */,
			);
			buildRules = (
			);
			dependencies = (
			);
			name = Swift_Messenger_App;
			productName = Swift_Messenger_App;
			productReference = A638EA7F2BF9D8D500856E5F /* Swift_Messenger_App.app */;
			productType = "com.apple.product-type.application";
		};
/* End PBXNativeTarget section */

/* Begin PBXProject section */
		A638EA772BF9D8D500856E5F /* Project object */ = {
			isa = PBXProject;
			attributes = {
				BuildIndependentTargetsInParallel = 1;
				LastSwiftUpdateCheck = 1540;
				LastUpgradeCheck = 1540;
				TargetAttributes = {
					A638EA7E2BF9D8D500856E5F = {
						CreatedOnToolsVersion = 15.4;
					};
				};
			};
			buildConfigurationList = A638EA7A2BF9D8D500856E5F /* Build configuration list for PBXProject "Swift_Messenger_App" */;
			compatibilityVersion = "Xcode 14.0";
			developmentRegion = en;
			hasScannedForEncodings = 0;
			knownRegions = (
				en,
				Base,
			);
			mainGroup = A638EA762BF9D8D500856E5F;
			productRefGroup = A638EA802BF9D8D500856E5F /* Products */;
			projectDirPath = "";
			projectRoot = "";
			targets = (
				A638EA7E2BF9D8D500856E5F /* Swift_Messenger_App */,
			);
		};
/* End PBXProject section */

/* Begin PBXResourcesBuildPhase section */
		A638EA7D2BF9D8D500856E5F /* Resources */ = {
			isa = PBXResourcesBuildPhase;
			buildActionMask = 2147483647;
			files = (
				A638EA8A2BF9D8D600856E5F /* Preview Assets.xcassets in Resources */,
				A638EA872BF9D8D600856E5F /* Assets.xcassets in Resources */,
			);
			runOnlyForDeploymentPostprocessing = 0;
		};
/* End PBXResourcesBuildPhase section */

/* Begin PBXSourcesBuildPhase section */
		A638EA7B2BF9D8D500856E5F /* Sources */ = {
			isa = PBXSourcesBuildPhase;
			buildActionMask = 2147483647;
			files = (
				A6584F282BF9ECE100D60710 /* LoginView.swift in Sources */,
				A638EA852BF9D8D500856E5F /* ContentView.swift in Sources */,
				A638EA832BF9D8D500856E5F /* Swift_Messenger_AppApp.swift in Sources */,
			);
			runOnlyForDeploymentPostprocessing = 0;
		};
/* End PBXSourcesBuildPhase section */

/* Begin XCBuildConfiguration section */
		A638EA8B2BF9D8D600856E5F /* Debug */ = {
			isa = XCBuildConfiguration;
			buildSettings = {
				ALWAYS_SEARCH_USER_PATHS = NO;
				ASSETCATALOG_COMPILER_GENERATE_SWIFT_ASSET_SYMBOL_EXTENSIONS = YES;
				CLANG_ANALYZER_NONNULL = YES;
				CLANG_ANALYZER_NUMBER_OBJECT_CONVERSION = YES_AGGRESSIVE;
				CLANG_CXX_LANGUAGE_STANDARD = "gnu++20";
				CLANG_ENABLE_MODULES = YES;
				CLANG_ENABLE_OBJC_ARC = YES;
				CLANG_ENABLE_OBJC_WEAK = YES;
				CLANG_WARN_BLOCK_CAPTURE_AUTORELEASING = YES;
				CLANG_WARN_BOOL_CONVERSION = YES;
				CLANG_WARN_COMMA = YES;
				CLANG_WARN_CONSTANT_CONVERSION = YES;
				CLANG_WARN_DEPRECATED_OBJC_IMPLEMENTATIONS = YES;
				CLANG_WARN_DIRECT_OBJC_ISA_USAGE = YES_ERROR;
				CLANG_WARN_DOCUMENTATION_COMMENTS = YES;
				CLANG_WARN_EMPTY_BODY = YES;
				CLANG_WARN_ENUM_CONVERSION = YES;
				CLANG_WARN_INFINITE_RECURSION = YES;
				CLANG_WARN_INT_CONVERSION = YES;
				CLANG_WARN_NON_LITERAL_NULL_CONVERSION = YES;
				CLANG_WARN_OBJC_IMPLICIT_RETAIN_SELF = YES;
				CLANG_WARN_OBJC_LITERAL_CONVERSION = YES;
				CLANG_WARN_OBJC_ROOT_CLASS = YES_ERROR;
				CLANG_WARN_QUOTED_INCLUDE_IN_FRAMEWORK_HEADER = YES;
				CLANG_WARN_RANGE_LOOP_ANALYSIS = YES;
				CLANG_WARN_STRICT_PROTOTYPES = YES;
				CLANG_WARN_SUSPICIOUS_MOVE = YES;
				CLANG_WARN_UNGUARDED_AVAILABILITY = YES_AGGRESSIVE;
				CLANG_WARN_UNREACHABLE_CODE = YES;
				CLANG_WARN__DUPLICATE_METHOD_MATCH = YES;
				COPY_PHASE_STRIP = NO;
				DEBUG_INFORMATION_FORMAT = dwarf;
				ENABLE_STRICT_OBJC_MSGSEND = YES;
				ENABLE_TESTABILITY = YES;
				ENABLE_USER_SCRIPT_SANDBOXING = YES;
				GCC_C_LANGUAGE_STANDARD = gnu17;
				GCC_DYNAMIC_NO_PIC = NO;
				GCC_NO_COMMON_BLOCKS = YES;
				GCC_OPTIMIZATION_LEVEL = 0;
				GCC_PREPROCESSOR_DEFINITIONS = (
					"DEBUG=1",
					"$(inherited)",
				);
				GCC_WARN_64_TO_32_BIT_CONVERSION = YES;
				GCC_WARN_ABOUT_RETURN_TYPE = YES_ERROR;
				GCC_WARN_UNDECLARED_SELECTOR = YES;
				GCC_WARN_UNINITIALIZED_AUTOS = YES_AGGRESSIVE;
				GCC_WARN_UNUSED_FUNCTION = YES;
				GCC_WARN_UNUSED_VARIABLE = YES;
				IPHONEOS_DEPLOYMENT_TARGET = 17.5;
				LOCALIZATION_PREFERS_STRING_CATALOGS = YES;
				MTL_ENABLE_DEBUG_INFO = INCLUDE_SOURCE;
				MTL_FAST_MATH = YES;
				ONLY_ACTIVE_ARCH = YES;
				SDKROOT = iphoneos;
				SWIFT_ACTIVE_COMPILATION_CONDITIONS = "DEBUG $(inherited)";
				SWIFT_OPTIMIZATION_LEVEL = "-Onone";
			};
			name = Debug;
		};
		A638EA8C2BF9D8D600856E5F /* Release */ = {
			isa = XCBuildConfiguration;
			buildSettings = {
				ALWAYS_SEARCH_USER_PATHS = NO;
				ASSETCATALOG_COMPILER_GENERATE_SWIFT_ASSET_SYMBOL_EXTENSIONS = YES;
				CLANG_ANALYZER_NONNULL = YES;
				CLANG_ANALYZER_NUMBER_OBJECT_CONVERSION = YES_AGGRESSIVE;
				CLANG_CXX_LANGUAGE_STANDARD = "gnu++20";
				CLANG_ENABLE_MODULES = YES;
				CLANG_ENABLE_OBJC_ARC = YES;
				CLANG_ENABLE_OBJC_WEAK = YES;
				CLANG_WARN_BLOCK_CAPTURE_AUTORELEASING = YES;
				CLANG_WARN_BOOL_CONVERSION = YES;
				CLANG_WARN_COMMA = YES;
				CLANG_WARN_CONSTANT_CONVERSION = YES;
				CLANG_WARN_DEPRECATED_OBJC_IMPLEMENTATIONS = YES;
				CLANG_WARN_DIRECT_OBJC_ISA_USAGE = YES_ERROR;
				CLANG_WARN_DOCUMENTATION_COMMENTS = YES;
				CLANG_WARN_EMPTY_BODY = YES;
				CLANG_WARN_ENUM_CONVERSION = YES;
				CLANG_WARN_INFINITE_RECURSION = YES;
				CLANG_WARN_INT_CONVERSION = YES;
				CLANG_WARN_NON_LITERAL_NULL_CONVERSION = YES;
				CLANG_WARN_OBJC_IMPLICIT_RETAIN_SELF = YES;
				CLANG_WARN_OBJC_LITERAL_CONVERSION = YES;
				CLANG_WARN_OBJC_ROOT_CLASS = YES_ERROR;
				CLANG_WARN_QUOTED_INCLUDE_IN_FRAMEWORK_HEADER = YES;
				CLANG_WARN_RANGE_LOOP_ANALYSIS = YES;
				CLANG_WARN_STRICT_PROTOTYPES = YES;
				CLANG_WARN_SUSPICIOUS_MOVE = YES;
				CLANG_WARN_UNGUARDED_AVAILABILITY = YES_AGGRESSIVE;
				CLANG_WARN_UNREACHABLE_CODE = YES;
				CLANG_WARN__DUPLICATE_METHOD_MATCH = YES;
				COPY_PHASE_STRIP = NO;
				DEBUG_INFORMATION_FORMAT = "dwarf-with-dsym";
				ENABLE_NS_ASSERTIONS = NO;
				ENABLE_STRICT_OBJC_MSGSEND = YES;
				ENABLE_USER_SCRIPT_SANDBOXING = YES;
				GCC_C_LANGUAGE_STANDARD = gnu17;
				GCC_NO_COMMON_BLOCKS = YES;
				GCC_WARN_64_TO_32_BIT_CONVERSION = YES;
				GCC_WARN_ABOUT_RETURN_TYPE = YES_ERROR;
				GCC_WARN_UNDECLARED_SELECTOR = YES;
				GCC_WARN_UNINITIALIZED_AUTOS = YES_AGGRESSIVE;
				GCC_WARN_UNUSED_FUNCTION = YES;
				GCC_WARN_UNUSED_VARIABLE = YES;
				IPHONEOS_DEPLOYMENT_TARGET = 17.5;
				LOCALIZATION_PREFERS_STRING_CATALOGS = YES;
				MTL_ENABLE_DEBUG_INFO = NO;
				MTL_FAST_MATH = YES;
				SDKROOT = iphoneos;
				SWIFT_COMPILATION_MODE = wholemodule;
				VALIDATE_PRODUCT = YES;
			};
			name = Release;
		};
		A638EA8E2BF9D8D600856E5F /* Debug */ = {
			isa = XCBuildConfiguration;
			buildSettings = {
				ASSETCATALOG_COMPILER_APPICON_NAME = AppIcon;
				ASSETCATALOG_COMPILER_GLOBAL_ACCENT_COLOR_NAME = AccentColor;
				CODE_SIGN_STYLE = Automatic;
				CURRENT_PROJECT_VERSION = 1;
				DEVELOPMENT_ASSET_PATHS = "\"Swift_Messenger_App/Preview Content\"";
				ENABLE_PREVIEWS = YES;
				GENERATE_INFOPLIST_FILE = YES;
				INFOPLIST_KEY_UIApplicationSceneManifest_Generation = YES;
				INFOPLIST_KEY_UIApplicationSupportsIndirectInputEvents = YES;
				INFOPLIST_KEY_UILaunchScreen_Generation = YES;
				INFOPLIST_KEY_UISupportedInterfaceOrientations_iPad = "UIInterfaceOrientationPortrait UIInterfaceOrientationPortraitUpsideDown UIInterfaceOrientationLandscapeLeft UIInterfaceOrientationLandscapeRight";
				INFOPLIST_KEY_UISupportedInterfaceOrientations_iPhone = "UIInterfaceOrientationPortrait UIInterfaceOrientationLandscapeLeft UIInterfaceOrientationLandscapeRight";
				LD_RUNPATH_SEARCH_PATHS = (
					"$(inherited)",
					"@executable_path/Frameworks",
				);
				MARKETING_VERSION = 1.0;
				PRODUCT_BUNDLE_IDENTIFIER = "acl.Swift-Messenger-App";
				PRODUCT_NAME = "$(TARGET_NAME)";
				SWIFT_EMIT_LOC_STRINGS = YES;
				SWIFT_VERSION = 5.0;
				TARGETED_DEVICE_FAMILY = "1,2";
			};
			name = Debug;
		};
		A638EA8F2BF9D8D600856E5F /* Release */ = {
			isa = XCBuildConfiguration;
			buildSettings = {
				ASSETCATALOG_COMPILER_APPICON_NAME = AppIcon;
				ASSETCATALOG_COMPILER_GLOBAL_ACCENT_COLOR_NAME = AccentColor;
				CODE_SIGN_STYLE = Automatic;
				CURRENT_PROJECT_VERSION = 1;
				DEVELOPMENT_ASSET_PATHS = "\"Swift_Messenger_App/Preview Content\"";
				ENABLE_PREVIEWS = YES;
				GENERATE_INFOPLIST_FILE = YES;
				INFOPLIST_KEY_UIApplicationSceneManifest_Generation = YES;
				INFOPLIST_KEY_UIApplicationSupportsIndirectInputEvents = YES;
				INFOPLIST_KEY_UILaunchScreen_Generation = YES;
				INFOPLIST_KEY_UISupportedInterfaceOrientations_iPad = "UIInterfaceOrientationPortrait UIInterfaceOrientationPortraitUpsideDown UIInterfaceOrientationLandscapeLeft UIInterfaceOrientationLandscapeRight";
				INFOPLIST_KEY_UISupportedInterfaceOrientations_iPhone = "UIInterfaceOrientationPortrait UIInterfaceOrientationLandscapeLeft UIInterfaceOrientationLandscapeRight";
				LD_RUNPATH_SEARCH_PATHS = (
					"$(inherited)",
					"@executable_path/Frameworks",
				);
				MARKETING_VERSION = 1.0;
				PRODUCT_BUNDLE_IDENTIFIER = "acl.Swift-Messenger-App";
				PRODUCT_NAME = "$(TARGET_NAME)";
				SWIFT_EMIT_LOC_STRINGS = YES;
				SWIFT_VERSION = 5.0;
				TARGETED_DEVICE_FAMILY = "1,2";
			};
			name = Release;
		};
/* End XCBuildConfiguration section */

/* Begin XCConfigurationList section */
		A638EA7A2BF9D8D500856E5F /* Build configuration list for PBXProject "Swift_Messenger_App" */ = {
			isa = XCConfigurationList;
			buildConfigurations = (
				A638EA8B2BF9D8D600856E5F /* Debug */,
				A638EA8C2BF9D8D600856E5F /* Release */,
			);
			defaultConfigurationIsVisible = 0;
			defaultConfigurationName = Release;
		};
		A638EA8D2BF9D8D600856E5F /* Build configuration list for PBXNativeTarget "Swift_Messenger_App" */ = {
			isa = XCConfigurationList;
			buildConfigurations = (
				A638EA8E2BF9D8D600856E5F /* Debug */,
				A638EA8F2BF9D8D600856E5F /* Release */,
			);
			defaultConfigurationIsVisible = 0;
			defaultConfigurationName = Release;
		};
/* End XCConfigurationList section */
	};
	rootObject = A638EA772BF9D8D500856E5F /* Project object */;
}
