// !$*UTF8*$!
{
	archiveVersion = 1;
	classes = {
	};
	objectVersion = 56;
	objects = {

/* Begin PBXBuildFile section */
		A6205DC62BFA04450019A141 /* RegistrationView.swift in Sources */ = {isa = PBXBuildFile; fileRef = A6205DC52BFA04450019A141 /* RegistrationView.swift */; };
		A6205DC92BFA08E90019A141 /* InboxView.swift in Sources */ = {isa = PBXBuildFile; fileRef = A6205DC82BFA08E90019A141 /* InboxView.swift */; };
		A6205DCC2BFA0D740019A141 /* ActiveNowView.swift in Sources */ = {isa = PBXBuildFile; fileRef = A6205DCB2BFA0D740019A141 /* ActiveNowView.swift */; };
		A6205DCE2BFA13720019A141 /* InboxRowView.swift in Sources */ = {isa = PBXBuildFile; fileRef = A6205DCD2BFA13720019A141 /* InboxRowView.swift */; };
		A638EA832BF9D8D500856E5F /* Swift_Messenger_AppApp.swift in Sources */ = {isa = PBXBuildFile; fileRef = A638EA822BF9D8D500856E5F /* Swift_Messenger_AppApp.swift */; };
		A638EA852BF9D8D500856E5F /* ContentView.swift in Sources */ = {isa = PBXBuildFile; fileRef = A638EA842BF9D8D500856E5F /* ContentView.swift */; };
		A638EA872BF9D8D600856E5F /* Assets.xcassets in Resources */ = {isa = PBXBuildFile; fileRef = A638EA862BF9D8D600856E5F /* Assets.xcassets */; };
		A638EA8A2BF9D8D600856E5F /* Preview Assets.xcassets in Resources */ = {isa = PBXBuildFile; fileRef = A638EA892BF9D8D600856E5F /* Preview Assets.xcassets */; };
		A6421B262C00A3AD008FE607 /* ContentViewModel.swift in Sources */ = {isa = PBXBuildFile; fileRef = A6421B252C00A3AD008FE607 /* ContentViewModel.swift */; };
		A65113562BFA6BCF0063FEE5 /* CircularProfileImageView.swift in Sources */ = {isa = PBXBuildFile; fileRef = A65113552BFA6BCF0063FEE5 /* CircularProfileImageView.swift */; };
		A6584F282BF9ECE100D60710 /* LoginView.swift in Sources */ = {isa = PBXBuildFile; fileRef = A6584F272BF9ECE100D60710 /* LoginView.swift */; };
		A666840E2C062100003EF132 /* Date.swift in Sources */ = {isa = PBXBuildFile; fileRef = A666840D2C062100003EF132 /* Date.swift */; };
		A68333332C06261A006096A6 /* ActiveNowViewModel.swift in Sources */ = {isa = PBXBuildFile; fileRef = A68333322C06261A006096A6 /* ActiveNowViewModel.swift */; };
		A68333362C062D80006096A6 /* Route.swift in Sources */ = {isa = PBXBuildFile; fileRef = A68333352C062D80006096A6 /* Route.swift */; };
		A6931F592C01E816004A65C6 /* UserService.swift in Sources */ = {isa = PBXBuildFile; fileRef = A6931F582C01E816004A65C6 /* UserService.swift */; };
		A6931F5D2C01EC7C004A65C6 /* InboxViewModel.swift in Sources */ = {isa = PBXBuildFile; fileRef = A6931F5C2C01EC7C004A65C6 /* InboxViewModel.swift */; };
		A6931F612C01F659004A65C6 /* NewMessageViewModel.swift in Sources */ = {isa = PBXBuildFile; fileRef = A6931F602C01F659004A65C6 /* NewMessageViewModel.swift */; };
		A6A5ED0A2C008B1300A1235C /* GoogleService-Info.plist in Resources */ = {isa = PBXBuildFile; fileRef = A6A5ED092C008B1300A1235C /* GoogleService-Info.plist */; };
		A6A5ED0D2C008EE900A1235C /* FirebaseAuth in Frameworks */ = {isa = PBXBuildFile; productRef = A6A5ED0C2C008EE900A1235C /* FirebaseAuth */; };
		A6A5ED0F2C008EE900A1235C /* FirebaseFirestore in Frameworks */ = {isa = PBXBuildFile; productRef = A6A5ED0E2C008EE900A1235C /* FirebaseFirestore */; };
		A6A5ED112C008EE900A1235C /* FirebaseFirestoreSwift in Frameworks */ = {isa = PBXBuildFile; productRef = A6A5ED102C008EE900A1235C /* FirebaseFirestoreSwift */; };
		A6A5ED132C008EE900A1235C /* FirebaseStorage in Frameworks */ = {isa = PBXBuildFile; productRef = A6A5ED122C008EE900A1235C /* FirebaseStorage */; };
		A6A5ED172C0094E200A1235C /* LoginViewModel.swift in Sources */ = {isa = PBXBuildFile; fileRef = A6A5ED162C0094E200A1235C /* LoginViewModel.swift */; };
		A6A5ED192C00953A00A1235C /* RegistrationViewModel.swift in Sources */ = {isa = PBXBuildFile; fileRef = A6A5ED182C00953A00A1235C /* RegistrationViewModel.swift */; };
		A6A5ED1B2C00958B00A1235C /* AuthService.swift in Sources */ = {isa = PBXBuildFile; fileRef = A6A5ED1A2C00958B00A1235C /* AuthService.swift */; };
		A6AA7F772BFF295D00940BB8 /* ChatView.swift in Sources */ = {isa = PBXBuildFile; fileRef = A6AA7F762BFF295D00940BB8 /* ChatView.swift */; };
		A6AA7F7B2BFF32A100940BB8 /* ChatMessageCell.swift in Sources */ = {isa = PBXBuildFile; fileRef = A6AA7F7A2BFF32A100940BB8 /* ChatMessageCell.swift */; };
		A6AA7F7D2BFF35A400940BB8 /* ChatBubble.swift in Sources */ = {isa = PBXBuildFile; fileRef = A6AA7F7C2BFF35A400940BB8 /* ChatBubble.swift */; };
		A6BC50692C021C74008395D5 /* Message.swift in Sources */ = {isa = PBXBuildFile; fileRef = A6BC50682C021C74008395D5 /* Message.swift */; };
		A6BC506B2C021F3A008395D5 /* MessageService.swift in Sources */ = {isa = PBXBuildFile; fileRef = A6BC506A2C021F3A008395D5 /* MessageService.swift */; };
		A6BC506F2C0224AC008395D5 /* ChatViewModel.swift in Sources */ = {isa = PBXBuildFile; fileRef = A6BC506E2C0224AC008395D5 /* ChatViewModel.swift */; };
		A6D8B6AD2C0389DE00D2CAE8 /* ChatService.swift in Sources */ = {isa = PBXBuildFile; fileRef = A6D8B6AC2C0389DE00D2CAE8 /* ChatService.swift */; };
		A6D8B6B22C038DB000D2CAE8 /* Constants.swift in Sources */ = {isa = PBXBuildFile; fileRef = A6D8B6B12C038DB000D2CAE8 /* Constants.swift */; };
		A6D8B6B52C03938500D2CAE8 /* InboxService.swift in Sources */ = {isa = PBXBuildFile; fileRef = A6D8B6B42C03938500D2CAE8 /* InboxService.swift */; };
		A6E046352BFA44FD0050E887 /* NewMessageView.swift in Sources */ = {isa = PBXBuildFile; fileRef = A6E046342BFA44FD0050E887 /* NewMessageView.swift */; };
		A6E0463A2BFA4C470050E887 /* ProfileView.swift in Sources */ = {isa = PBXBuildFile; fileRef = A6E046392BFA4C470050E887 /* ProfileView.swift */; };
		A6E046402BFA54380050E887 /* SettingsOptionsViewModel.swift in Sources */ = {isa = PBXBuildFile; fileRef = A6E0463F2BFA54380050E887 /* SettingsOptionsViewModel.swift */; };
		A6E046422BFA59FA0050E887 /* ProfileViewModel.swift in Sources */ = {isa = PBXBuildFile; fileRef = A6E046412BFA59FA0050E887 /* ProfileViewModel.swift */; };
		A6E046462BFA5EED0050E887 /* User.swift in Sources */ = {isa = PBXBuildFile; fileRef = A6E046452BFA5EED0050E887 /* User.swift */; };
/* End PBXBuildFile section */

/* Begin PBXFileReference section */
		A6205DC52BFA04450019A141 /* RegistrationView.swift */ = {isa = PBXFileReference; lastKnownFileType = sourcecode.swift; path = RegistrationView.swift; sourceTree = "<group>"; };
		A6205DC82BFA08E90019A141 /* InboxView.swift */ = {isa = PBXFileReference; lastKnownFileType = sourcecode.swift; path = InboxView.swift; sourceTree = "<group>"; };
		A6205DCB2BFA0D740019A141 /* ActiveNowView.swift */ = {isa = PBXFileReference; lastKnownFileType = sourcecode.swift; path = ActiveNowView.swift; sourceTree = "<group>"; };
		A6205DCD2BFA13720019A141 /* InboxRowView.swift */ = {isa = PBXFileReference; lastKnownFileType = sourcecode.swift; path = InboxRowView.swift; sourceTree = "<group>"; };
		A638EA7F2BF9D8D500856E5F /* Swift_Messenger_App.app */ = {isa = PBXFileReference; explicitFileType = wrapper.application; includeInIndex = 0; path = Swift_Messenger_App.app; sourceTree = BUILT_PRODUCTS_DIR; };
		A638EA822BF9D8D500856E5F /* Swift_Messenger_AppApp.swift */ = {isa = PBXFileReference; lastKnownFileType = sourcecode.swift; path = Swift_Messenger_AppApp.swift; sourceTree = "<group>"; };
		A638EA842BF9D8D500856E5F /* ContentView.swift */ = {isa = PBXFileReference; lastKnownFileType = sourcecode.swift; path = ContentView.swift; sourceTree = "<group>"; };
		A638EA862BF9D8D600856E5F /* Assets.xcassets */ = {isa = PBXFileReference; lastKnownFileType = folder.assetcatalog; path = Assets.xcassets; sourceTree = "<group>"; };
		A638EA892BF9D8D600856E5F /* Preview Assets.xcassets */ = {isa = PBXFileReference; lastKnownFileType = folder.assetcatalog; path = "Preview Assets.xcassets"; sourceTree = "<group>"; };
		A6421B252C00A3AD008FE607 /* ContentViewModel.swift */ = {isa = PBXFileReference; lastKnownFileType = sourcecode.swift; path = ContentViewModel.swift; sourceTree = "<group>"; };
		A65113552BFA6BCF0063FEE5 /* CircularProfileImageView.swift */ = {isa = PBXFileReference; lastKnownFileType = sourcecode.swift; path = CircularProfileImageView.swift; sourceTree = "<group>"; };
		A6584F272BF9ECE100D60710 /* LoginView.swift */ = {isa = PBXFileReference; lastKnownFileType = sourcecode.swift; path = LoginView.swift; sourceTree = "<group>"; };
		A666840D2C062100003EF132 /* Date.swift */ = {isa = PBXFileReference; lastKnownFileType = sourcecode.swift; path = Date.swift; sourceTree = "<group>"; };
		A68333322C06261A006096A6 /* ActiveNowViewModel.swift */ = {isa = PBXFileReference; lastKnownFileType = sourcecode.swift; path = ActiveNowViewModel.swift; sourceTree = "<group>"; };
		A68333352C062D80006096A6 /* Route.swift */ = {isa = PBXFileReference; lastKnownFileType = sourcecode.swift; path = Route.swift; sourceTree = "<group>"; };
		A6931F582C01E816004A65C6 /* UserService.swift */ = {isa = PBXFileReference; lastKnownFileType = sourcecode.swift; path = UserService.swift; sourceTree = "<group>"; };
		A6931F5C2C01EC7C004A65C6 /* InboxViewModel.swift */ = {isa = PBXFileReference; lastKnownFileType = sourcecode.swift; path = InboxViewModel.swift; sourceTree = "<group>"; };
		A6931F602C01F659004A65C6 /* NewMessageViewModel.swift */ = {isa = PBXFileReference; lastKnownFileType = sourcecode.swift; path = NewMessageViewModel.swift; sourceTree = "<group>"; };
		A6A5ED092C008B1300A1235C /* GoogleService-Info.plist */ = {isa = PBXFileReference; fileEncoding = 4; lastKnownFileType = text.plist.xml; name = "GoogleService-Info.plist"; path = "../../../../../GoogleService-Info.plist"; sourceTree = "<group>"; };
		A6A5ED162C0094E200A1235C /* LoginViewModel.swift */ = {isa = PBXFileReference; lastKnownFileType = sourcecode.swift; path = LoginViewModel.swift; sourceTree = "<group>"; };
		A6A5ED182C00953A00A1235C /* RegistrationViewModel.swift */ = {isa = PBXFileReference; lastKnownFileType = sourcecode.swift; path = RegistrationViewModel.swift; sourceTree = "<group>"; };
		A6A5ED1A2C00958B00A1235C /* AuthService.swift */ = {isa = PBXFileReference; lastKnownFileType = sourcecode.swift; path = AuthService.swift; sourceTree = "<group>"; };
		A6AA7F762BFF295D00940BB8 /* ChatView.swift */ = {isa = PBXFileReference; lastKnownFileType = sourcecode.swift; path = ChatView.swift; sourceTree = "<group>"; };
		A6AA7F7A2BFF32A100940BB8 /* ChatMessageCell.swift */ = {isa = PBXFileReference; lastKnownFileType = sourcecode.swift; path = ChatMessageCell.swift; sourceTree = "<group>"; };
		A6AA7F7C2BFF35A400940BB8 /* ChatBubble.swift */ = {isa = PBXFileReference; lastKnownFileType = sourcecode.swift; path = ChatBubble.swift; sourceTree = "<group>"; };
		A6BC50682C021C74008395D5 /* Message.swift */ = {isa = PBXFileReference; lastKnownFileType = sourcecode.swift; path = Message.swift; sourceTree = "<group>"; };
		A6BC506A2C021F3A008395D5 /* MessageService.swift */ = {isa = PBXFileReference; lastKnownFileType = sourcecode.swift; path = MessageService.swift; sourceTree = "<group>"; };
		A6BC506E2C0224AC008395D5 /* ChatViewModel.swift */ = {isa = PBXFileReference; lastKnownFileType = sourcecode.swift; path = ChatViewModel.swift; sourceTree = "<group>"; };
		A6D8B6AC2C0389DE00D2CAE8 /* ChatService.swift */ = {isa = PBXFileReference; lastKnownFileType = sourcecode.swift; path = ChatService.swift; sourceTree = "<group>"; };
		A6D8B6B12C038DB000D2CAE8 /* Constants.swift */ = {isa = PBXFileReference; lastKnownFileType = sourcecode.swift; path = Constants.swift; sourceTree = "<group>"; };
		A6D8B6B42C03938500D2CAE8 /* InboxService.swift */ = {isa = PBXFileReference; lastKnownFileType = sourcecode.swift; path = InboxService.swift; sourceTree = "<group>"; };
		A6E046342BFA44FD0050E887 /* NewMessageView.swift */ = {isa = PBXFileReference; lastKnownFileType = sourcecode.swift; path = NewMessageView.swift; sourceTree = "<group>"; };
		A6E046392BFA4C470050E887 /* ProfileView.swift */ = {isa = PBXFileReference; lastKnownFileType = sourcecode.swift; path = ProfileView.swift; sourceTree = "<group>"; };
		A6E0463F2BFA54380050E887 /* SettingsOptionsViewModel.swift */ = {isa = PBXFileReference; lastKnownFileType = sourcecode.swift; path = SettingsOptionsViewModel.swift; sourceTree = "<group>"; };
		A6E046412BFA59FA0050E887 /* ProfileViewModel.swift */ = {isa = PBXFileReference; lastKnownFileType = sourcecode.swift; path = ProfileViewModel.swift; sourceTree = "<group>"; };
		A6E046452BFA5EED0050E887 /* User.swift */ = {isa = PBXFileReference; lastKnownFileType = sourcecode.swift; path = User.swift; sourceTree = "<group>"; };
/* End PBXFileReference section */

/* Begin PBXFrameworksBuildPhase section */
		A638EA7C2BF9D8D500856E5F /* Frameworks */ = {
			isa = PBXFrameworksBuildPhase;
			buildActionMask = 2147483647;
			files = (
				A6A5ED0D2C008EE900A1235C /* FirebaseAuth in Frameworks */,
				A6A5ED132C008EE900A1235C /* FirebaseStorage in Frameworks */,
				A6A5ED0F2C008EE900A1235C /* FirebaseFirestore in Frameworks */,
				A6A5ED112C008EE900A1235C /* FirebaseFirestoreSwift in Frameworks */,
			);
			runOnlyForDeploymentPostprocessing = 0;
		};
/* End PBXFrameworksBuildPhase section */

/* Begin PBXGroup section */
		A6205DC72BFA08CF0019A141 /* Inbox */ = {
			isa = PBXGroup;
			children = (
				A6D8B6B32C03933E00D2CAE8 /* Service */,
				A6931F5A2C01EC0A004A65C6 /* Views */,
				A6931F5B2C01EC14004A65C6 /* ViewModel */,
			);
			path = Inbox;
			sourceTree = "<group>";
		};
		A6205DCA2BFA0D570019A141 /* ActiveNow */ = {
			isa = PBXGroup;
			children = (
				A68333312C0625F3006096A6 /* ViewModel */,
				A68333302C0625E2006096A6 /* View */,
			);
			path = ActiveNow;
			sourceTree = "<group>";
		};
		A638EA762BF9D8D500856E5F = {
			isa = PBXGroup;
			children = (
				A638EA812BF9D8D500856E5F /* Swift_Messenger_App */,
				A638EA802BF9D8D500856E5F /* Products */,
			);
			sourceTree = "<group>";
		};
		A638EA802BF9D8D500856E5F /* Products */ = {
			isa = PBXGroup;
			children = (
				A638EA7F2BF9D8D500856E5F /* Swift_Messenger_App.app */,
			);
			name = Products;
			sourceTree = "<group>";
		};
		A638EA812BF9D8D500856E5F /* Swift_Messenger_App */ = {
			isa = PBXGroup;
			children = (
				A68333342C062D67006096A6 /* Routing */,
				A6584F202BF9EA1700D60710 /* Extensions */,
				A6584F1E2BF9E9E200D60710 /* App */,
				A6584F212BF9EA2400D60710 /* Core */,
				A6E046442BFA5EDB0050E887 /* Model */,
				A6584F232BF9EA5000D60710 /* Service */,
				A6D8B6AE2C038C5100D2CAE8 /* Utils */,
				A638EA862BF9D8D600856E5F /* Assets.xcassets */,
				A638EA882BF9D8D600856E5F /* Preview Content */,
			);
			path = Swift_Messenger_App;
			sourceTree = "<group>";
		};
		A638EA882BF9D8D600856E5F /* Preview Content */ = {
			isa = PBXGroup;
			children = (
				A638EA892BF9D8D600856E5F /* Preview Assets.xcassets */,
			);
			path = "Preview Content";
			sourceTree = "<group>";
		};
		A6421B232C00A328008FE607 /* View */ = {
			isa = PBXGroup;
			children = (
				A638EA842BF9D8D500856E5F /* ContentView.swift */,
			);
			path = View;
			sourceTree = "<group>";
		};
		A6421B242C00A33D008FE607 /* ViewModel */ = {
			isa = PBXGroup;
			children = (
				A6421B252C00A3AD008FE607 /* ContentViewModel.swift */,
			);
			path = ViewModel;
			sourceTree = "<group>";
		};
		A65113542BFA6B890063FEE5 /* Components */ = {
			isa = PBXGroup;
			children = (
				A65113552BFA6BCF0063FEE5 /* CircularProfileImageView.swift */,
			);
			path = Components;
			sourceTree = "<group>";
		};
		A6584F1E2BF9E9E200D60710 /* App */ = {
			isa = PBXGroup;
			children = (
				A638EA822BF9D8D500856E5F /* Swift_Messenger_AppApp.swift */,
			);
			path = App;
			sourceTree = "<group>";
		};
		A6584F202BF9EA1700D60710 /* Extensions */ = {
			isa = PBXGroup;
			children = (
				A666840D2C062100003EF132 /* Date.swift */,
			);
			path = Extensions;
			sourceTree = "<group>";
		};
		A6584F212BF9EA2400D60710 /* Core */ = {
			isa = PBXGroup;
			children = (
				A6AA7F752BFF292100940BB8 /* Chat */,
				A65113542BFA6B890063FEE5 /* Components */,
				A6E046332BFA44BD0050E887 /* NewMessage */,
				A6E046362BFA4BD50050E887 /* Profile */,
				A6205DCA2BFA0D570019A141 /* ActiveNow */,
				A6205DC72BFA08CF0019A141 /* Inbox */,
				A6584F252BF9EAFD00D60710 /* Root */,
				A6584F242BF9EACA00D60710 /* Authentication */,
			);
			path = Core;
			sourceTree = "<group>";
		};
		A6584F232BF9EA5000D60710 /* Service */ = {
			isa = PBXGroup;
			children = (
				A6A5ED092C008B1300A1235C /* GoogleService-Info.plist */,
				A6931F582C01E816004A65C6 /* UserService.swift */,
				A6BC506A2C021F3A008395D5 /* MessageService.swift */,
			);
			path = Service;
			sourceTree = "<group>";
		};
		A6584F242BF9EACA00D60710 /* Authentication */ = {
			isa = PBXGroup;
			children = (
				A6A5ED152C00949E00A1235C /* ViewModel */,
				A6A5ED142C00948E00A1235C /* Service */,
				A6584F262BF9EB2D00D60710 /* View */,
			);
			path = Authentication;
			sourceTree = "<group>";
		};
		A6584F252BF9EAFD00D60710 /* Root */ = {
			isa = PBXGroup;
			children = (
				A6421B242C00A33D008FE607 /* ViewModel */,
				A6421B232C00A328008FE607 /* View */,
			);
			path = Root;
			sourceTree = "<group>";
		};
		A6584F262BF9EB2D00D60710 /* View */ = {
			isa = PBXGroup;
			children = (
				A6584F272BF9ECE100D60710 /* LoginView.swift */,
				A6205DC52BFA04450019A141 /* RegistrationView.swift */,
			);
			path = View;
			sourceTree = "<group>";
		};
		A68333302C0625E2006096A6 /* View */ = {
			isa = PBXGroup;
			children = (
				A6205DCB2BFA0D740019A141 /* ActiveNowView.swift */,
			);
			path = View;
			sourceTree = "<group>";
		};
		A68333312C0625F3006096A6 /* ViewModel */ = {
			isa = PBXGroup;
			children = (
				A68333322C06261A006096A6 /* ActiveNowViewModel.swift */,
			);
			path = ViewModel;
			sourceTree = "<group>";
		};
		A68333342C062D67006096A6 /* Routing */ = {
			isa = PBXGroup;
			children = (
				A68333352C062D80006096A6 /* Route.swift */,
			);
			path = Routing;
			sourceTree = "<group>";
		};
		A6931F5A2C01EC0A004A65C6 /* Views */ = {
			isa = PBXGroup;
			children = (
				A6205DC82BFA08E90019A141 /* InboxView.swift */,
				A6205DCD2BFA13720019A141 /* InboxRowView.swift */,
			);
			path = Views;
			sourceTree = "<group>";
		};
		A6931F5B2C01EC14004A65C6 /* ViewModel */ = {
			isa = PBXGroup;
			children = (
				A6931F5C2C01EC7C004A65C6 /* InboxViewModel.swift */,
			);
			path = ViewModel;
			sourceTree = "<group>";
		};
		A6931F5E2C01F5F2004A65C6 /* Views */ = {
			isa = PBXGroup;
			children = (
				A6E046342BFA44FD0050E887 /* NewMessageView.swift */,
			);
			path = Views;
			sourceTree = "<group>";
		};
		A6931F5F2C01F601004A65C6 /* ViewModels */ = {
			isa = PBXGroup;
			children = (
				A6931F602C01F659004A65C6 /* NewMessageViewModel.swift */,
			);
			path = ViewModels;
			sourceTree = "<group>";
		};
		A6A5ED142C00948E00A1235C /* Service */ = {
			isa = PBXGroup;
			children = (
				A6A5ED1A2C00958B00A1235C /* AuthService.swift */,
			);
			path = Service;
			sourceTree = "<group>";
		};
		A6A5ED152C00949E00A1235C /* ViewModel */ = {
			isa = PBXGroup;
			children = (
				A6A5ED162C0094E200A1235C /* LoginViewModel.swift */,
				A6A5ED182C00953A00A1235C /* RegistrationViewModel.swift */,
			);
			path = ViewModel;
			sourceTree = "<group>";
		};
		A6AA7F752BFF292100940BB8 /* Chat */ = {
			isa = PBXGroup;
			children = (
				A6D8B6AB2C0389C100D2CAE8 /* Service */,
				A6BC506D2C022449008395D5 /* ViewModels */,
				A6BC506C2C022433008395D5 /* View */,
			);
			path = Chat;
			sourceTree = "<group>";
		};
		A6BC506C2C022433008395D5 /* View */ = {
			isa = PBXGroup;
			children = (
				A6AA7F7C2BFF35A400940BB8 /* ChatBubble.swift */,
				A6AA7F7A2BFF32A100940BB8 /* ChatMessageCell.swift */,
				A6AA7F762BFF295D00940BB8 /* ChatView.swift */,
			);
			path = View;
			sourceTree = "<group>";
		};
		A6BC506D2C022449008395D5 /* ViewModels */ = {
			isa = PBXGroup;
			children = (
				A6BC506E2C0224AC008395D5 /* ChatViewModel.swift */,
			);
			path = ViewModels;
			sourceTree = "<group>";
		};
		A6D8B6AB2C0389C100D2CAE8 /* Service */ = {
			isa = PBXGroup;
			children = (
				A6D8B6AC2C0389DE00D2CAE8 /* ChatService.swift */,
			);
			path = Service;
			sourceTree = "<group>";
		};
		A6D8B6AE2C038C5100D2CAE8 /* Utils */ = {
			isa = PBXGroup;
			children = (
				A6D8B6B12C038DB000D2CAE8 /* Constants.swift */,
			);
			path = Utils;
			sourceTree = "<group>";
		};
		A6D8B6B32C03933E00D2CAE8 /* Service */ = {
			isa = PBXGroup;
			children = (
				A6D8B6B42C03938500D2CAE8 /* InboxService.swift */,
			);
			path = Service;
			sourceTree = "<group>";
		};
		A6E046332BFA44BD0050E887 /* NewMessage */ = {
			isa = PBXGroup;
			children = (
				A6931F5F2C01F601004A65C6 /* ViewModels */,
				A6931F5E2C01F5F2004A65C6 /* Views */,
			);
			path = NewMessage;
			sourceTree = "<group>";
		};
		A6E046362BFA4BD50050E887 /* Profile */ = {
			isa = PBXGroup;
			children = (
				A6E046372BFA4BF60050E887 /* View */,
				A6E046382BFA4C0B0050E887 /* ViewModel */,
			);
			path = Profile;
			sourceTree = "<group>";
		};
		A6E046372BFA4BF60050E887 /* View */ = {
			isa = PBXGroup;
			children = (
				A6E046392BFA4C470050E887 /* ProfileView.swift */,
			);
			path = View;
			sourceTree = "<group>";
		};
		A6E046382BFA4C0B0050E887 /* ViewModel */ = {
			isa = PBXGroup;
			children = (
				A6E0463F2BFA54380050E887 /* SettingsOptionsViewModel.swift */,
				A6E046412BFA59FA0050E887 /* ProfileViewModel.swift */,
			);
			path = ViewModel;
			sourceTree = "<group>";
		};
		A6E046442BFA5EDB0050E887 /* Model */ = {
			isa = PBXGroup;
			children = (
				A6E046452BFA5EED0050E887 /* User.swift */,
				A6BC50682C021C74008395D5 /* Message.swift */,
			);
			path = Model;
			sourceTree = "<group>";
		};
/* End PBXGroup section */

/* Begin PBXNativeTarget section */
		A638EA7E2BF9D8D500856E5F /* Swift_Messenger_App */ = {
			isa = PBXNativeTarget;
			buildConfigurationList = A638EA8D2BF9D8D600856E5F /* Build configuration list for PBXNativeTarget "Swift_Messenger_App" */;
			buildPhases = (
				A638EA7B2BF9D8D500856E5F /* Sources */,
				A638EA7C2BF9D8D500856E5F /* Frameworks */,
				A638EA7D2BF9D8D500856E5F /* Resources */,
			);
			buildRules = (
			);
			dependencies = (
			);
			name = Swift_Messenger_App;
			packageProductDependencies = (
				A6A5ED0C2C008EE900A1235C /* FirebaseAuth */,
				A6A5ED0E2C008EE900A1235C /* FirebaseFirestore */,
				A6A5ED102C008EE900A1235C /* FirebaseFirestoreSwift */,
				A6A5ED122C008EE900A1235C /* FirebaseStorage */,
			);
			productName = Swift_Messenger_App;
			productReference = A638EA7F2BF9D8D500856E5F /* Swift_Messenger_App.app */;
			productType = "com.apple.product-type.application";
		};
/* End PBXNativeTarget section */

/* Begin PBXProject section */
		A638EA772BF9D8D500856E5F /* Project object */ = {
			isa = PBXProject;
			attributes = {
				BuildIndependentTargetsInParallel = 1;
				LastSwiftUpdateCheck = 1540;
				LastUpgradeCheck = 1540;
				TargetAttributes = {
					A638EA7E2BF9D8D500856E5F = {
						CreatedOnToolsVersion = 15.4;
					};
				};
			};
			buildConfigurationList = A638EA7A2BF9D8D500856E5F /* Build configuration list for PBXProject "Swift_Messenger_App" */;
			compatibilityVersion = "Xcode 14.0";
			developmentRegion = en;
			hasScannedForEncodings = 0;
			knownRegions = (
				en,
				Base,
			);
			mainGroup = A638EA762BF9D8D500856E5F;
			packageReferences = (
				A6A5ED0B2C008DA900A1235C /* XCRemoteSwiftPackageReference "firebase-ios-sdk" */,
			);
			productRefGroup = A638EA802BF9D8D500856E5F /* Products */;
			projectDirPath = "";
			projectRoot = "";
			targets = (
				A638EA7E2BF9D8D500856E5F /* Swift_Messenger_App */,
			);
		};
/* End PBXProject section */

/* Begin PBXResourcesBuildPhase section */
		A638EA7D2BF9D8D500856E5F /* Resources */ = {
			isa = PBXResourcesBuildPhase;
			buildActionMask = 2147483647;
			files = (
				A638EA8A2BF9D8D600856E5F /* Preview Assets.xcassets in Resources */,
				A638EA872BF9D8D600856E5F /* Assets.xcassets in Resources */,
				A6A5ED0A2C008B1300A1235C /* GoogleService-Info.plist in Resources */,
			);
			runOnlyForDeploymentPostprocessing = 0;
		};
/* End PBXResourcesBuildPhase section */

/* Begin PBXSourcesBuildPhase section */
		A638EA7B2BF9D8D500856E5F /* Sources */ = {
			isa = PBXSourcesBuildPhase;
			buildActionMask = 2147483647;
			files = (
				A6BC506F2C0224AC008395D5 /* ChatViewModel.swift in Sources */,
				A666840E2C062100003EF132 /* Date.swift in Sources */,
				A6205DCE2BFA13720019A141 /* InboxRowView.swift in Sources */,
				A6931F5D2C01EC7C004A65C6 /* InboxViewModel.swift in Sources */,
				A6A5ED192C00953A00A1235C /* RegistrationViewModel.swift in Sources */,
				A6E0463A2BFA4C470050E887 /* ProfileView.swift in Sources */,
				A6E046352BFA44FD0050E887 /* NewMessageView.swift in Sources */,
				A6421B262C00A3AD008FE607 /* ContentViewModel.swift in Sources */,
				A6584F282BF9ECE100D60710 /* LoginView.swift in Sources */,
				A6AA7F772BFF295D00940BB8 /* ChatView.swift in Sources */,
				A6A5ED1B2C00958B00A1235C /* AuthService.swift in Sources */,
				A638EA852BF9D8D500856E5F /* ContentView.swift in Sources */,
				A6D8B6B52C03938500D2CAE8 /* InboxService.swift in Sources */,
				A6D8B6B22C038DB000D2CAE8 /* Constants.swift in Sources */,
				A6AA7F7B2BFF32A100940BB8 /* ChatMessageCell.swift in Sources */,
				A6AA7F7D2BFF35A400940BB8 /* ChatBubble.swift in Sources */,
				A65113562BFA6BCF0063FEE5 /* CircularProfileImageView.swift in Sources */,
				A6D8B6AD2C0389DE00D2CAE8 /* ChatService.swift in Sources */,
				A6205DC92BFA08E90019A141 /* InboxView.swift in Sources */,
				A6A5ED172C0094E200A1235C /* LoginViewModel.swift in Sources */,
				A6931F612C01F659004A65C6 /* NewMessageViewModel.swift in Sources */,
				A68333362C062D80006096A6 /* Route.swift in Sources */,
				A6931F592C01E816004A65C6 /* UserService.swift in Sources */,
				A6205DCC2BFA0D740019A141 /* ActiveNowView.swift in Sources */,
				A6E046422BFA59FA0050E887 /* ProfileViewModel.swift in Sources */,
				A6E046462BFA5EED0050E887 /* User.swift in Sources */,
				A6BC506B2C021F3A008395D5 /* MessageService.swift in Sources */,
				A638EA832BF9D8D500856E5F /* Swift_Messenger_AppApp.swift in Sources */,
				A68333332C06261A006096A6 /* ActiveNowViewModel.swift in Sources */,
				A6BC50692C021C74008395D5 /* Message.swift in Sources */,
				A6E046402BFA54380050E887 /* SettingsOptionsViewModel.swift in Sources */,
				A6205DC62BFA04450019A141 /* RegistrationView.swift in Sources */,
			);
			runOnlyForDeploymentPostprocessing = 0;
		};
/* End PBXSourcesBuildPhase section */

/* Begin XCBuildConfiguration section */
		A638EA8B2BF9D8D600856E5F /* Debug */ = {
			isa = XCBuildConfiguration;
			buildSettings = {
				ALWAYS_SEARCH_USER_PATHS = NO;
				ASSETCATALOG_COMPILER_GENERATE_SWIFT_ASSET_SYMBOL_EXTENSIONS = YES;
				CLANG_ANALYZER_NONNULL = YES;
				CLANG_ANALYZER_NUMBER_OBJECT_CONVERSION = YES_AGGRESSIVE;
				CLANG_CXX_LANGUAGE_STANDARD = "gnu++20";
				CLANG_ENABLE_MODULES = YES;
				CLANG_ENABLE_OBJC_ARC = YES;
				CLANG_ENABLE_OBJC_WEAK = YES;
				CLANG_WARN_BLOCK_CAPTURE_AUTORELEASING = YES;
				CLANG_WARN_BOOL_CONVERSION = YES;
				CLANG_WARN_COMMA = YES;
				CLANG_WARN_CONSTANT_CONVERSION = YES;
				CLANG_WARN_DEPRECATED_OBJC_IMPLEMENTATIONS = YES;
				CLANG_WARN_DIRECT_OBJC_ISA_USAGE = YES_ERROR;
				CLANG_WARN_DOCUMENTATION_COMMENTS = YES;
				CLANG_WARN_EMPTY_BODY = YES;
				CLANG_WARN_ENUM_CONVERSION = YES;
				CLANG_WARN_INFINITE_RECURSION = YES;
				CLANG_WARN_INT_CONVERSION = YES;
				CLANG_WARN_NON_LITERAL_NULL_CONVERSION = YES;
				CLANG_WARN_OBJC_IMPLICIT_RETAIN_SELF = YES;
				CLANG_WARN_OBJC_LITERAL_CONVERSION = YES;
				CLANG_WARN_OBJC_ROOT_CLASS = YES_ERROR;
				CLANG_WARN_QUOTED_INCLUDE_IN_FRAMEWORK_HEADER = YES;
				CLANG_WARN_RANGE_LOOP_ANALYSIS = YES;
				CLANG_WARN_STRICT_PROTOTYPES = YES;
				CLANG_WARN_SUSPICIOUS_MOVE = YES;
				CLANG_WARN_UNGUARDED_AVAILABILITY = YES_AGGRESSIVE;
				CLANG_WARN_UNREACHABLE_CODE = YES;
				CLANG_WARN__DUPLICATE_METHOD_MATCH = YES;
				COPY_PHASE_STRIP = NO;
				DEBUG_INFORMATION_FORMAT = dwarf;
				ENABLE_STRICT_OBJC_MSGSEND = YES;
				ENABLE_TESTABILITY = YES;
				ENABLE_USER_SCRIPT_SANDBOXING = YES;
				GCC_C_LANGUAGE_STANDARD = gnu17;
				GCC_DYNAMIC_NO_PIC = NO;
				GCC_NO_COMMON_BLOCKS = YES;
				GCC_OPTIMIZATION_LEVEL = 0;
				GCC_PREPROCESSOR_DEFINITIONS = (
					"DEBUG=1",
					"$(inherited)",
				);
				GCC_WARN_64_TO_32_BIT_CONVERSION = YES;
				GCC_WARN_ABOUT_RETURN_TYPE = YES_ERROR;
				GCC_WARN_UNDECLARED_SELECTOR = YES;
				GCC_WARN_UNINITIALIZED_AUTOS = YES_AGGRESSIVE;
				GCC_WARN_UNUSED_FUNCTION = YES;
				GCC_WARN_UNUSED_VARIABLE = YES;
				IPHONEOS_DEPLOYMENT_TARGET = 17.5;
				LOCALIZATION_PREFERS_STRING_CATALOGS = YES;
				MTL_ENABLE_DEBUG_INFO = INCLUDE_SOURCE;
				MTL_FAST_MATH = YES;
				ONLY_ACTIVE_ARCH = YES;
				SDKROOT = iphoneos;
				SWIFT_ACTIVE_COMPILATION_CONDITIONS = "DEBUG $(inherited)";
				SWIFT_OPTIMIZATION_LEVEL = "-Onone";
			};
			name = Debug;
		};
		A638EA8C2BF9D8D600856E5F /* Release */ = {
			isa = XCBuildConfiguration;
			buildSettings = {
				ALWAYS_SEARCH_USER_PATHS = NO;
				ASSETCATALOG_COMPILER_GENERATE_SWIFT_ASSET_SYMBOL_EXTENSIONS = YES;
				CLANG_ANALYZER_NONNULL = YES;
				CLANG_ANALYZER_NUMBER_OBJECT_CONVERSION = YES_AGGRESSIVE;
				CLANG_CXX_LANGUAGE_STANDARD = "gnu++20";
				CLANG_ENABLE_MODULES = YES;
				CLANG_ENABLE_OBJC_ARC = YES;
				CLANG_ENABLE_OBJC_WEAK = YES;
				CLANG_WARN_BLOCK_CAPTURE_AUTORELEASING = YES;
				CLANG_WARN_BOOL_CONVERSION = YES;
				CLANG_WARN_COMMA = YES;
				CLANG_WARN_CONSTANT_CONVERSION = YES;
				CLANG_WARN_DEPRECATED_OBJC_IMPLEMENTATIONS = YES;
				CLANG_WARN_DIRECT_OBJC_ISA_USAGE = YES_ERROR;
				CLANG_WARN_DOCUMENTATION_COMMENTS = YES;
				CLANG_WARN_EMPTY_BODY = YES;
				CLANG_WARN_ENUM_CONVERSION = YES;
				CLANG_WARN_INFINITE_RECURSION = YES;
				CLANG_WARN_INT_CONVERSION = YES;
				CLANG_WARN_NON_LITERAL_NULL_CONVERSION = YES;
				CLANG_WARN_OBJC_IMPLICIT_RETAIN_SELF = YES;
				CLANG_WARN_OBJC_LITERAL_CONVERSION = YES;
				CLANG_WARN_OBJC_ROOT_CLASS = YES_ERROR;
				CLANG_WARN_QUOTED_INCLUDE_IN_FRAMEWORK_HEADER = YES;
				CLANG_WARN_RANGE_LOOP_ANALYSIS = YES;
				CLANG_WARN_STRICT_PROTOTYPES = YES;
				CLANG_WARN_SUSPICIOUS_MOVE = YES;
				CLANG_WARN_UNGUARDED_AVAILABILITY = YES_AGGRESSIVE;
				CLANG_WARN_UNREACHABLE_CODE = YES;
				CLANG_WARN__DUPLICATE_METHOD_MATCH = YES;
				COPY_PHASE_STRIP = NO;
				DEBUG_INFORMATION_FORMAT = "dwarf-with-dsym";
				ENABLE_NS_ASSERTIONS = NO;
				ENABLE_STRICT_OBJC_MSGSEND = YES;
				ENABLE_USER_SCRIPT_SANDBOXING = YES;
				GCC_C_LANGUAGE_STANDARD = gnu17;
				GCC_NO_COMMON_BLOCKS = YES;
				GCC_WARN_64_TO_32_BIT_CONVERSION = YES;
				GCC_WARN_ABOUT_RETURN_TYPE = YES_ERROR;
				GCC_WARN_UNDECLARED_SELECTOR = YES;
				GCC_WARN_UNINITIALIZED_AUTOS = YES_AGGRESSIVE;
				GCC_WARN_UNUSED_FUNCTION = YES;
				GCC_WARN_UNUSED_VARIABLE = YES;
				IPHONEOS_DEPLOYMENT_TARGET = 17.5;
				LOCALIZATION_PREFERS_STRING_CATALOGS = YES;
				MTL_ENABLE_DEBUG_INFO = NO;
				MTL_FAST_MATH = YES;
				SDKROOT = iphoneos;
				SWIFT_COMPILATION_MODE = wholemodule;
				VALIDATE_PRODUCT = YES;
			};
			name = Release;
		};
		A638EA8E2BF9D8D600856E5F /* Debug */ = {
			isa = XCBuildConfiguration;
			buildSettings = {
				ASSETCATALOG_COMPILER_APPICON_NAME = AppIcon;
				ASSETCATALOG_COMPILER_GLOBAL_ACCENT_COLOR_NAME = AccentColor;
				CODE_SIGN_STYLE = Automatic;
				CURRENT_PROJECT_VERSION = 1;
				DEVELOPMENT_ASSET_PATHS = "\"Swift_Messenger_App/Preview Content\"";
				ENABLE_PREVIEWS = YES;
				GENERATE_INFOPLIST_FILE = YES;
				INFOPLIST_KEY_UIApplicationSceneManifest_Generation = YES;
				INFOPLIST_KEY_UIApplicationSupportsIndirectInputEvents = YES;
				INFOPLIST_KEY_UILaunchScreen_Generation = YES;
				INFOPLIST_KEY_UISupportedInterfaceOrientations_iPad = "UIInterfaceOrientationPortrait UIInterfaceOrientationPortraitUpsideDown UIInterfaceOrientationLandscapeLeft UIInterfaceOrientationLandscapeRight";
				INFOPLIST_KEY_UISupportedInterfaceOrientations_iPhone = "UIInterfaceOrientationPortrait UIInterfaceOrientationLandscapeLeft UIInterfaceOrientationLandscapeRight";
				LD_RUNPATH_SEARCH_PATHS = (
					"$(inherited)",
					"@executable_path/Frameworks",
				);
				MARKETING_VERSION = 1.0;
				PRODUCT_BUNDLE_IDENTIFIER = "acl.Swift-Messenger-App";
				PRODUCT_NAME = "$(TARGET_NAME)";
				SWIFT_EMIT_LOC_STRINGS = YES;
				SWIFT_VERSION = 5.0;
				TARGETED_DEVICE_FAMILY = "1,2";
			};
			name = Debug;
		};
		A638EA8F2BF9D8D600856E5F /* Release */ = {
			isa = XCBuildConfiguration;
			buildSettings = {
				ASSETCATALOG_COMPILER_APPICON_NAME = AppIcon;
				ASSETCATALOG_COMPILER_GLOBAL_ACCENT_COLOR_NAME = AccentColor;
				CODE_SIGN_STYLE = Automatic;
				CURRENT_PROJECT_VERSION = 1;
				DEVELOPMENT_ASSET_PATHS = "\"Swift_Messenger_App/Preview Content\"";
				ENABLE_PREVIEWS = YES;
				GENERATE_INFOPLIST_FILE = YES;
				INFOPLIST_KEY_UIApplicationSceneManifest_Generation = YES;
				INFOPLIST_KEY_UIApplicationSupportsIndirectInputEvents = YES;
				INFOPLIST_KEY_UILaunchScreen_Generation = YES;
				INFOPLIST_KEY_UISupportedInterfaceOrientations_iPad = "UIInterfaceOrientationPortrait UIInterfaceOrientationPortraitUpsideDown UIInterfaceOrientationLandscapeLeft UIInterfaceOrientationLandscapeRight";
				INFOPLIST_KEY_UISupportedInterfaceOrientations_iPhone = "UIInterfaceOrientationPortrait UIInterfaceOrientationLandscapeLeft UIInterfaceOrientationLandscapeRight";
				LD_RUNPATH_SEARCH_PATHS = (
					"$(inherited)",
					"@executable_path/Frameworks",
				);
				MARKETING_VERSION = 1.0;
				PRODUCT_BUNDLE_IDENTIFIER = "acl.Swift-Messenger-App";
				PRODUCT_NAME = "$(TARGET_NAME)";
				SWIFT_EMIT_LOC_STRINGS = YES;
				SWIFT_VERSION = 5.0;
				TARGETED_DEVICE_FAMILY = "1,2";
			};
			name = Release;
		};
/* End XCBuildConfiguration section */

/* Begin XCConfigurationList section */
		A638EA7A2BF9D8D500856E5F /* Build configuration list for PBXProject "Swift_Messenger_App" */ = {
			isa = XCConfigurationList;
			buildConfigurations = (
				A638EA8B2BF9D8D600856E5F /* Debug */,
				A638EA8C2BF9D8D600856E5F /* Release */,
			);
			defaultConfigurationIsVisible = 0;
			defaultConfigurationName = Release;
		};
		A638EA8D2BF9D8D600856E5F /* Build configuration list for PBXNativeTarget "Swift_Messenger_App" */ = {
			isa = XCConfigurationList;
			buildConfigurations = (
				A638EA8E2BF9D8D600856E5F /* Debug */,
				A638EA8F2BF9D8D600856E5F /* Release */,
			);
			defaultConfigurationIsVisible = 0;
			defaultConfigurationName = Release;
		};
/* End XCConfigurationList section */

/* Begin XCRemoteSwiftPackageReference section */
		A6A5ED0B2C008DA900A1235C /* XCRemoteSwiftPackageReference "firebase-ios-sdk" */ = {
			isa = XCRemoteSwiftPackageReference;
			repositoryURL = "https://github.com/firebase/firebase-ios-sdk";
			requirement = {
				kind = upToNextMajorVersion;
				minimumVersion = 10.26.0;
			};
		};
/* End XCRemoteSwiftPackageReference section */

/* Begin XCSwiftPackageProductDependency section */
		A6A5ED0C2C008EE900A1235C /* FirebaseAuth */ = {
			isa = XCSwiftPackageProductDependency;
			package = A6A5ED0B2C008DA900A1235C /* XCRemoteSwiftPackageReference "firebase-ios-sdk" */;
			productName = FirebaseAuth;
		};
		A6A5ED0E2C008EE900A1235C /* FirebaseFirestore */ = {
			isa = XCSwiftPackageProductDependency;
			package = A6A5ED0B2C008DA900A1235C /* XCRemoteSwiftPackageReference "firebase-ios-sdk" */;
			productName = FirebaseFirestore;
		};
		A6A5ED102C008EE900A1235C /* FirebaseFirestoreSwift */ = {
			isa = XCSwiftPackageProductDependency;
			package = A6A5ED0B2C008DA900A1235C /* XCRemoteSwiftPackageReference "firebase-ios-sdk" */;
			productName = FirebaseFirestoreSwift;
		};
		A6A5ED122C008EE900A1235C /* FirebaseStorage */ = {
			isa = XCSwiftPackageProductDependency;
			package = A6A5ED0B2C008DA900A1235C /* XCRemoteSwiftPackageReference "firebase-ios-sdk" */;
			productName = FirebaseStorage;
		};
/* End XCSwiftPackageProductDependency section */
	};
	rootObject = A638EA772BF9D8D500856E5F /* Project object */;
}
